
Microsoft Visual Studio Solution File, Format Version 12.00
# Visual Studio 15
VisualStudioVersion = 15.0.27130.2026
MinimumVisualStudioVersion = 10.0.40219.1
Project("{FAE04EC0-301F-11D3-BF4B-00C04F79EFBC}") = "LotoCardGenerator", "LotoCardGenerator.csproj", "{916CDF5F-F33F-43E8-AFF3-934B207B7494}"
EndProject
Project("{FAE04EC0-301F-11D3-BF4B-00C04F79EFBC}") = "LotoCardGenerator.UnitTestProject", "..\LotoCardGenerator.UnitTestProject\LotoCardGenerator.UnitTestProject.csproj", "{4D7BC2C5-8CF6-435C-8611-85340284005C}"
EndProject
Global
	GlobalSection(SolutionConfigurationPlatforms) = preSolution
		Debug|Any CPU = Debug|Any CPU
		Release|Any CPU = Release|Any CPU
	EndGlobalSection
	GlobalSection(ProjectConfigurationPlatforms) = postSolution
		{916CDF5F-F33F-43E8-AFF3-934B207B7494}.Debug|Any CPU.ActiveCfg = Debug|Any CPU
		{916CDF5F-F33F-43E8-AFF3-934B207B7494}.Debug|Any CPU.Build.0 = Debug|Any CPU
		{916CDF5F-F33F-43E8-AFF3-934B207B7494}.Release|Any CPU.ActiveCfg = Release|Any CPU
		{916CDF5F-F33F-43E8-AFF3-934B207B7494}.Release|Any CPU.Build.0 = Release|Any CPU
		{4D7BC2C5-8CF6-435C-8611-85340284005C}.Debug|Any CPU.ActiveCfg = Debug|Any CPU
		{4D7BC2C5-8CF6-435C-8611-85340284005C}.Debug|Any CPU.Build.0 = Debug|Any CPU
		{4D7BC2C5-8CF6-435C-8611-85340284005C}.Release|Any CPU.ActiveCfg = Release|Any CPU
		{4D7BC2C5-8CF6-435C-8611-85340284005C}.Release|Any CPU.Build.0 = Release|Any CPU
	EndGlobalSection
	GlobalSection(SolutionProperties) = preSolution
		HideSolutionNode = FALSE
	EndGlobalSection
	GlobalSection(ExtensibilityGlobals) = postSolution
		SolutionGuid = {7F7BA0A1-BC85-4ECF-98EC-922F64694EEF}
	EndGlobalSection
EndGlobal
